{
  "nodes": {
    "cli-tools": {
      "inputs": {
        "nixpkgs": [
          "nixpkgs"
        ]
      },
      "locked": {
        "lastModified": 1775734995,
        "narHash": "sha256-elxLoFOrE2fd9FYjv9A0CtFO1I5qPbmqAdz9FpJ7v8I=",
        "owner": "GregersSR",
        "repo": "cli-tools",
        "rev": "1e046e87d51f9252bed74ca801ac6718e252b323",
        "type": "github"
      },
      "original": {
        "owner": "GregersSR",
        "repo": "cli-tools",
        "type": "github"
      }
    },
    "home-manager": {
      "inputs": {
        "nixpkgs": [
          "nixpkgs"
        ]
      },
      "locked": {
        "lastModified": 1776184304,
        "narHash": "sha256-No6QGBmIv5ChiwKCcbkxjdEQ/RO2ZS1gD7SFy6EZ7rc=",
        "owner": "nix-community",
        "repo": "home-manager",
        "rev": "3c7524c68348ef79ce48308e0978611a050089b2",
        "type": "github"
      },
      "original": {
        "owner": "nix-community",
        "repo": "home-manager",
        "type": "github"
      }
    },
    "mypkgs": {
      "inputs": {
        "nixpkgs": [
          "nixpkgs"
        ]
      },
      "locked": {
        "lastModified": 1776352126,
        "narHash": "sha256-KDWhEKV+zdS4YEduv4H2zOJfm5VEeZVIJ+57kdJWoBI=",
        "owner": "GregersSR",
        "repo": "mypkgs",
        "rev": "a7be055902c2342c9cfd5cf428f9798fb8f6545d",
        "type": "github"
      },
      "original": {
        "owner": "GregersSR",
        "repo": "mypkgs",
        "type": "github"
      }
    },
    "nixpkgs": {
      "locked": {
        "lastModified": 1776169885,
        "narHash": "sha256-l/iNYDZ4bGOAFQY2q8y5OAfBBtrDAaPuRQqWaFHVRXM=",
        "owner": "nixos",
        "repo": "nixpkgs",
        "rev": "4bd9165a9165d7b5e33ae57f3eecbcb28fb231c9",
        "type": "github"
      },
      "original": {
        "owner": "nixos",
        "ref": "nixos-unstable",
        "repo": "nixpkgs",
        "type": "github"
      }
    },
    "root": {
      "inputs": {
        "cli-tools": "cli-tools",
        "home-manager": "home-manager",
        "mypkgs": "mypkgs",
        "nixpkgs": "nixpkgs"
      }
    }
  },
  "root": "root",
  "version": 7
}
