{
  "nodes": {
    "cli-tools": {
      "inputs": {
        "nixpkgs": [
          "nixpkgs"
        ]
      },
      "locked": {
        "lastModified": 1775734995,
        "narHash": "sha256-elxLoFOrE2fd9FYjv9A0CtFO1I5qPbmqAdz9FpJ7v8I=",
        "owner": "GregersSR",
        "repo": "cli-tools",
        "rev": "1e046e87d51f9252bed74ca801ac6718e252b323",
        "type": "github"
      },
      "original": {
        "owner": "GregersSR",
        "repo": "cli-tools",
        "type": "github"
      }
    },
    "home-manager": {
      "inputs": {
        "nixpkgs": [
          "nixpkgs"
        ]
      },
      "locked": {
        "lastModified": 1778144356,
        "narHash": "sha256-dGM+QCstz/DyLB68+JK5GWyMx4QSqmOJEVgZmy63d/g=",
        "owner": "nix-community",
        "repo": "home-manager",
        "rev": "e4419d3123b780d5f4c0bceeace450424387638c",
        "type": "github"
      },
      "original": {
        "owner": "nix-community",
        "repo": "home-manager",
        "type": "github"
      }
    },
    "mypkgs": {
      "inputs": {
        "nixpkgs": [
          "nixpkgs"
        ]
      },
      "locked": {
        "lastModified": 1778223601,
        "narHash": "sha256-c7wY8QEiJsjx+T8ODz1LNfpiQVXoerFQaR0fyAURWp8=",
        "owner": "GregersSR",
        "repo": "mypkgs",
        "rev": "04d7313b145bead58c0e92bf6bb143f3b92cc76b",
        "type": "github"
      },
      "original": {
        "owner": "GregersSR",
        "repo": "mypkgs",
        "type": "github"
      }
    },
    "nixpkgs": {
      "locked": {
        "lastModified": 1777954456,
        "narHash": "sha256-hGdgeU2Nk87RAuZyYjyDjFL6LK7dAZN5RE9+hrDTkDU=",
        "owner": "nixos",
        "repo": "nixpkgs",
        "rev": "549bd84d6279f9852cae6225e372cc67fb91a4c1",
        "type": "github"
      },
      "original": {
        "owner": "nixos",
        "ref": "nixos-unstable",
        "repo": "nixpkgs",
        "type": "github"
      }
    },
    "root": {
      "inputs": {
        "cli-tools": "cli-tools",
        "home-manager": "home-manager",
        "mypkgs": "mypkgs",
        "nixpkgs": "nixpkgs"
      }
    }
  },
  "root": "root",
  "version": 7
}
