{
  "nodes": {
    "cli-tools": {
      "inputs": {
        "nixpkgs": [
          "nixpkgs"
        ]
      },
      "locked": {
        "lastModified": 1775734995,
        "narHash": "sha256-elxLoFOrE2fd9FYjv9A0CtFO1I5qPbmqAdz9FpJ7v8I=",
        "owner": "GregersSR",
        "repo": "cli-tools",
        "rev": "1e046e87d51f9252bed74ca801ac6718e252b323",
        "type": "github"
      },
      "original": {
        "owner": "GregersSR",
        "repo": "cli-tools",
        "type": "github"
      }
    },
    "home-manager": {
      "inputs": {
        "nixpkgs": [
          "nixpkgs"
        ]
      },
      "locked": {
        "lastModified": 1776027936,
        "narHash": "sha256-wtV8KZHJ9bz+kVEE5kT5efZZU3cYvmTW3etUOIEz4sg=",
        "owner": "nix-community",
        "repo": "home-manager",
        "rev": "adc677d02ead017dcb2d03198209fed54cc5ee52",
        "type": "github"
      },
      "original": {
        "owner": "nix-community",
        "repo": "home-manager",
        "type": "github"
      }
    },
    "nixpkgs": {
      "locked": {
        "lastModified": 1775423009,
        "narHash": "sha256-vPKLpjhIVWdDrfiUM8atW6YkIggCEKdSAlJPzzhkQlw=",
        "owner": "nixos",
        "repo": "nixpkgs",
        "rev": "68d8aa3d661f0e6bd5862291b5bb263b2a6595c9",
        "type": "github"
      },
      "original": {
        "owner": "nixos",
        "ref": "nixos-unstable",
        "repo": "nixpkgs",
        "type": "github"
      }
    },
    "root": {
      "inputs": {
        "cli-tools": "cli-tools",
        "home-manager": "home-manager",
        "nixpkgs": "nixpkgs"
      }
    }
  },
  "root": "root",
  "version": 7
}
